
Microsoft Visual Studio Solution File, Format Version 12.00
# Visual Studio 15
Project("{FAE04EC0-301F-11D3-BF4B-00C04F79EFBC}") = "Udacity Project 2", "Udacity Project 2.csproj", "{B16F8600-03B6-F37B-F2EC-FEE3830388EA}"
EndProject
Project("{FAE04EC0-301F-11D3-BF4B-00C04F79EFBC}") = "Udacity Project 2.Editor", "Udacity Project 2.Editor.csproj", "{A9ACAAD9-988F-2A3A-7C25-A4EDD27F8887}"
EndProject
Global
	GlobalSection(SolutionConfigurationPlatforms) = preSolution
		Debug|Any CPU = Debug|Any CPU
		Release|Any CPU = Release|Any CPU
	EndGlobalSection
	GlobalSection(ProjectConfigurationPlatforms) = postSolution
		{B16F8600-03B6-F37B-F2EC-FEE3830388EA}.Debug|Any CPU.ActiveCfg = Debug|Any CPU
		{B16F8600-03B6-F37B-F2EC-FEE3830388EA}.Debug|Any CPU.Build.0 = Debug|Any CPU
		{B16F8600-03B6-F37B-F2EC-FEE3830388EA}.Release|Any CPU.ActiveCfg = Release|Any CPU
		{B16F8600-03B6-F37B-F2EC-FEE3830388EA}.Release|Any CPU.Build.0 = Release|Any CPU
		{A9ACAAD9-988F-2A3A-7C25-A4EDD27F8887}.Debug|Any CPU.ActiveCfg = Debug|Any CPU
		{A9ACAAD9-988F-2A3A-7C25-A4EDD27F8887}.Debug|Any CPU.Build.0 = Debug|Any CPU
		{A9ACAAD9-988F-2A3A-7C25-A4EDD27F8887}.Release|Any CPU.ActiveCfg = Release|Any CPU
		{A9ACAAD9-988F-2A3A-7C25-A4EDD27F8887}.Release|Any CPU.Build.0 = Release|Any CPU
	EndGlobalSection
	GlobalSection(SolutionProperties) = preSolution
		HideSolutionNode = FALSE
	EndGlobalSection
EndGlobal
